
Microsoft Visual Studio Solution File, Format Version 12.00
# Visual Studio 2012
Project("{6989167D-11E4-40FE-8C1A-2192A86A7E90}") = "tt", "tt\tt.vfproj", "{8F7CB2C9-6D9F-4CDD-A2D5-B69DCC6BD148}"
EndProject
Global
	GlobalSection(SolutionConfigurationPlatforms) = preSolution
		Debug|Win32 = Debug|Win32
		Release|Win32 = Release|Win32
	EndGlobalSection
	GlobalSection(ProjectConfigurationPlatforms) = postSolution
		{8F7CB2C9-6D9F-4CDD-A2D5-B69DCC6BD148}.Debug|Win32.ActiveCfg = Debug|Win32
		{8F7CB2C9-6D9F-4CDD-A2D5-B69DCC6BD148}.Debug|Win32.Build.0 = Debug|Win32
		{8F7CB2C9-6D9F-4CDD-A2D5-B69DCC6BD148}.Release|Win32.ActiveCfg = Release|Win32
		{8F7CB2C9-6D9F-4CDD-A2D5-B69DCC6BD148}.Release|Win32.Build.0 = Release|Win32
	EndGlobalSection
	GlobalSection(SolutionProperties) = preSolution
		HideSolutionNode = FALSE
	EndGlobalSection
EndGlobal
